
Microsoft Visual Studio Solution File, Format Version 12.00
# Visual Studio Version 17
VisualStudioVersion = 17.9.34728.123
MinimumVisualStudioVersion = 10.0.40219.1
Project("{FAE04EC0-301F-11D3-BF4B-00C04F79EFBC}") = "TestBarcode", "TestBarcode\TestBarcode.csproj", "{AD69DE73-2309-4288-9AD4-8D86EC8B5B47}"
EndProject
Project("{FAE04EC0-301F-11D3-BF4B-00C04F79EFBC}") = "Lydong.Barcode", "Lydong.Barcode\Lydong.Barcode.csproj", "{313093F6-ECF0-46B5-9169-C77FDCCDC96C}"
EndProject
Global
	GlobalSection(SolutionConfigurationPlatforms) = preSolution
		Debug|Any CPU = Debug|Any CPU
		Release|Any CPU = Release|Any CPU
	EndGlobalSection
	GlobalSection(ProjectConfigurationPlatforms) = postSolution
		{AD69DE73-2309-4288-9AD4-8D86EC8B5B47}.Debug|Any CPU.ActiveCfg = Debug|Any CPU
		{AD69DE73-2309-4288-9AD4-8D86EC8B5B47}.Debug|Any CPU.Build.0 = Debug|Any CPU
		{AD69DE73-2309-4288-9AD4-8D86EC8B5B47}.Release|Any CPU.ActiveCfg = Release|Any CPU
		{AD69DE73-2309-4288-9AD4-8D86EC8B5B47}.Release|Any CPU.Build.0 = Release|Any CPU
		{313093F6-ECF0-46B5-9169-C77FDCCDC96C}.Debug|Any CPU.ActiveCfg = Debug|Any CPU
		{313093F6-ECF0-46B5-9169-C77FDCCDC96C}.Debug|Any CPU.Build.0 = Debug|Any CPU
		{313093F6-ECF0-46B5-9169-C77FDCCDC96C}.Release|Any CPU.ActiveCfg = Release|Any CPU
		{313093F6-ECF0-46B5-9169-C77FDCCDC96C}.Release|Any CPU.Build.0 = Release|Any CPU
	EndGlobalSection
	GlobalSection(SolutionProperties) = preSolution
		HideSolutionNode = FALSE
	EndGlobalSection
	GlobalSection(ExtensibilityGlobals) = postSolution
		SolutionGuid = {AD1C83F8-9EB0-42C9-A9E7-6753CB9140F0}
	EndGlobalSection
EndGlobal
